
Microsoft Visual Studio Solution File, Format Version 12.00
# Visual Studio Version 17
VisualStudioVersion = 17.5.002.0
MinimumVisualStudioVersion = 10.0.40219.1
Project("{9A19103F-16F7-4668-BE54-9A1E7A4F7556}") = "csharp", "csharp.csproj", "{B77EC5D8-59C3-44B0-A1E5-D264CC75CC17}"
EndProject
Global
	GlobalSection(SolutionConfigurationPlatforms) = preSolution
		Debug|Any CPU = Debug|Any CPU
		Release|Any CPU = Release|Any CPU
	EndGlobalSection
	GlobalSection(ProjectConfigurationPlatforms) = postSolution
		{B77EC5D8-59C3-44B0-A1E5-D264CC75CC17}.Debug|Any CPU.ActiveCfg = Debug|Any CPU
		{B77EC5D8-59C3-44B0-A1E5-D264CC75CC17}.Debug|Any CPU.Build.0 = Debug|Any CPU
		{B77EC5D8-59C3-44B0-A1E5-D264CC75CC17}.Release|Any CPU.ActiveCfg = Release|Any CPU
		{B77EC5D8-59C3-44B0-A1E5-D264CC75CC17}.Release|Any CPU.Build.0 = Release|Any CPU
	EndGlobalSection
	GlobalSection(SolutionProperties) = preSolution
		HideSolutionNode = FALSE
	EndGlobalSection
	GlobalSection(ExtensibilityGlobals) = postSolution
		SolutionGuid = {25DB8F41-B63E-442E-BECF-6F4CFDA1E12C}
	EndGlobalSection
EndGlobal
